{
  "name": "cognition-schema",
  "version": "1.0.0",
  "lockfileVersion": 1,
  "requires": true,
  "dependencies": {
    "commander": {
      "version": "2.18.0",
      "resolved": "https://registry.npmjs.org/commander/-/commander-2.18.0.tgz",
      "integrity": "sha512-6CYPa+JP2ftfRU2qkDK+UTVeQYosOg/2GbcjIcKPHfinyOLPVGXu/ovN86RP49Re5ndJK1N0kuiidFFuepc4ZQ==",
      "dev": true,
      "optional": true
    },
    "lodash.get": {
      "version": "4.4.2",
      "resolved": "https://registry.npmjs.org/lodash.get/-/lodash.get-4.4.2.tgz",
      "integrity": "sha1-LRd/ZS+jHpObRDjVNBSZ36OCXpk=",
      "dev": true
    },
    "lodash.isequal": {
      "version": "4.5.0",
      "resolved": "https://registry.npmjs.org/lodash.isequal/-/lodash.isequal-4.5.0.tgz",
      "integrity": "sha1-QVxEePK8wwEgwizhDtMib30+GOA=",
      "dev": true
    },
    "validator": {
      "version": "10.7.1",
      "resolved": "https://registry.npmjs.org/validator/-/validator-10.7.1.tgz",
      "integrity": "sha512-tbB5JrTczfeHKLw3PnFRzGFlF1xUAwSgXEDb66EuX1ffCirspYpDEZo3Vc9j38gPdL4JKrDc5UPFfgYiw1IWRQ==",
      "dev": true
    },
    "z-schema": {
      "version": "3.23.0",
      "resolved": "https://registry.npmjs.org/z-schema/-/z-schema-3.23.0.tgz",
      "integrity": "sha512-D8XV0BiHuQbWNEgu68RpjFZJ0C7jt+WYoszXKOohe54TdoTTauUvBQx+lsYCdalGIjGTFdQs5dxKvCUonUERzQ==",
      "dev": true,
      "requires": {
        "commander": "^2.7.1",
        "lodash.get": "^4.0.0",
        "lodash.isequal": "^4.0.0",
        "validator": "^10.0.0"
      }
    }
  }
}
